
Microsoft Visual Studio Solution File, Format Version 12.00
# Visual Studio 15
Project("{FAE04EC0-301F-11D3-BF4B-00C04F79EFBC}") = "Assembly-CSharp-Editor", "Assembly-CSharp-Editor.csproj", "{8E9A68CB-C2BE-89EE-2478-9FC1ED1CF7C5}"
EndProject
Project("{FAE04EC0-301F-11D3-BF4B-00C04F79EFBC}") = "Assembly-CSharp", "Assembly-CSharp.csproj", "{D807618D-7E04-DE74-E45C-D1013B6533FC}"
EndProject
Global
	GlobalSection(SolutionConfigurationPlatforms) = preSolution
		Debug|Any CPU = Debug|Any CPU
		Release|Any CPU = Release|Any CPU
	EndGlobalSection
	GlobalSection(ProjectConfigurationPlatforms) = postSolution
		{8E9A68CB-C2BE-89EE-2478-9FC1ED1CF7C5}.Debug|Any CPU.ActiveCfg = Debug|Any CPU
		{8E9A68CB-C2BE-89EE-2478-9FC1ED1CF7C5}.Debug|Any CPU.Build.0 = Debug|Any CPU
		{8E9A68CB-C2BE-89EE-2478-9FC1ED1CF7C5}.Release|Any CPU.ActiveCfg = Release|Any CPU
		{8E9A68CB-C2BE-89EE-2478-9FC1ED1CF7C5}.Release|Any CPU.Build.0 = Release|Any CPU
		{D807618D-7E04-DE74-E45C-D1013B6533FC}.Debug|Any CPU.ActiveCfg = Debug|Any CPU
		{D807618D-7E04-DE74-E45C-D1013B6533FC}.Debug|Any CPU.Build.0 = Debug|Any CPU
		{D807618D-7E04-DE74-E45C-D1013B6533FC}.Release|Any CPU.ActiveCfg = Release|Any CPU
		{D807618D-7E04-DE74-E45C-D1013B6533FC}.Release|Any CPU.Build.0 = Release|Any CPU
	EndGlobalSection
	GlobalSection(SolutionProperties) = preSolution
		HideSolutionNode = FALSE
	EndGlobalSection
EndGlobal
